
Microsoft Visual Studio Solution File, Format Version 12.00
# Visual Studio Version 16
VisualStudioVersion = 25.0.1700.0
MinimumVisualStudioVersion = 10.0.40219.1
Project("{FAE04EC0-301F-11D3-BF4B-00C04F79EFBC}") = "RESTbot", "RESTbot.csproj", "{F6E2EED5-AE02-45D9-A129-7E759F326D4C}"
EndProject
Global
	GlobalSection(SolutionConfigurationPlatforms) = preSolution
		Debug|Any CPU = Debug|Any CPU
		Release|Any CPU = Release|Any CPU
	EndGlobalSection
	GlobalSection(ProjectConfigurationPlatforms) = postSolution
		{F6E2EED5-AE02-45D9-A129-7E759F326D4C}.Debug|Any CPU.ActiveCfg = Debug|Any CPU
		{F6E2EED5-AE02-45D9-A129-7E759F326D4C}.Debug|Any CPU.Build.0 = Debug|Any CPU
		{F6E2EED5-AE02-45D9-A129-7E759F326D4C}.Release|Any CPU.ActiveCfg = Release|Any CPU
		{F6E2EED5-AE02-45D9-A129-7E759F326D4C}.Release|Any CPU.Build.0 = Release|Any CPU
	EndGlobalSection
	GlobalSection(SolutionProperties) = preSolution
		HideSolutionNode = FALSE
	EndGlobalSection
	GlobalSection(ExtensibilityGlobals) = postSolution
		SolutionGuid = {392637E4-9121-4800-992C-3912A5535849}
	EndGlobalSection
EndGlobal
