
Microsoft Visual Studio Solution File, Format Version 12.00
# Visual Studio Version 16
VisualStudioVersion = 16.0.810.14
MinimumVisualStudioVersion = 10.0.40219.1
Project("{FAE04EC0-301F-11D3-BF4B-00C04F79EFBC}") = "RESTbot", "RESTbot.csproj", "{69F6D94E-70AB-481A-8610-B37DCDE23AE9}"
EndProject
Global
	GlobalSection(SolutionConfigurationPlatforms) = preSolution
		Debug|Any CPU = Debug|Any CPU
		Release|Any CPU = Release|Any CPU
	EndGlobalSection
	GlobalSection(ProjectConfigurationPlatforms) = postSolution
		{69F6D94E-70AB-481A-8610-B37DCDE23AE9}.Debug|Any CPU.ActiveCfg = Debug|Any CPU
		{69F6D94E-70AB-481A-8610-B37DCDE23AE9}.Debug|Any CPU.Build.0 = Debug|Any CPU
		{69F6D94E-70AB-481A-8610-B37DCDE23AE9}.Release|Any CPU.ActiveCfg = Release|Any CPU
		{69F6D94E-70AB-481A-8610-B37DCDE23AE9}.Release|Any CPU.Build.0 = Release|Any CPU
	EndGlobalSection
	GlobalSection(SolutionProperties) = preSolution
		HideSolutionNode = FALSE
	EndGlobalSection
	GlobalSection(ExtensibilityGlobals) = postSolution
		SolutionGuid = {C7BCD794-E929-48CD-B617-C148169A2391}
	EndGlobalSection
EndGlobal
