// !$*UTF8*$!
{
	archiveVersion = 1;
	classes = {
	};
	objectVersion = 42;
	objects = {

/* Begin PBXBuildFile section */
		403A8F090C4FBB190020DD34 /* Configuration.cs in Sources */ = {isa = PBXBuildFile; fileRef = 403A8F080C4FBB190020DD34 /* Configuration.cs */; };
		403A91BF0C4FD37E0020DD34 /* libsecondlife.dll in Frameworks */ = {isa = PBXBuildFile; fileRef = 403A91BD0C4FD3700020DD34 /* libsecondlife.dll */; };
		403A91C00C4FD37E0020DD34 /* CookComputing.XmlRpcV2.dll in Frameworks */ = {isa = PBXBuildFile; fileRef = 403A91BB0C4FD3610020DD34 /* CookComputing.XmlRpcV2.dll */; };
		408DAD7E0BEC36250080BB21 /* RestPlugin.cs in Sources */ = {isa = PBXBuildFile; fileRef = 408DAD7A0BEC36250080BB21 /* RestPlugin.cs */; };
		408DAD7F0BEC36250080BB21 /* RestBot.cs in Sources */ = {isa = PBXBuildFile; fileRef = 408DAD7B0BEC36250080BB21 /* RestBot.cs */; };
		408DAD800BEC36250080BB21 /* Program.cs in Sources */ = {isa = PBXBuildFile; fileRef = 408DAD7C0BEC36250080BB21 /* Program.cs */; };
		40B962D80C2ED15C00FCA434 /* DebugUtilities.cs in Sources */ = {isa = PBXBuildFile; fileRef = 40B962CA0C2ED15C00FCA434 /* DebugUtilities.cs */; };
		40B962D90C2ED15C00FCA434 /* HeaderConstructor.cs in Sources */ = {isa = PBXBuildFile; fileRef = 40B962CC0C2ED15C00FCA434 /* HeaderConstructor.cs */; };
		40B962DA0C2ED15C00FCA434 /* HeaderLines.cs in Sources */ = {isa = PBXBuildFile; fileRef = 40B962CD0C2ED15C00FCA434 /* HeaderLines.cs */; };
		40B962DB0C2ED15C00FCA434 /* HeaderParser.cs in Sources */ = {isa = PBXBuildFile; fileRef = 40B962CE0C2ED15C00FCA434 /* HeaderParser.cs */; };
		40B962DC0C2ED15C00FCA434 /* Router.cs in Sources */ = {isa = PBXBuildFile; fileRef = 40B962CF0C2ED15C00FCA434 /* Router.cs */; };
		40B962FE0C2ED55000FCA434 /* Server.cs in Sources */ = {isa = PBXBuildFile; fileRef = 40B962D00C2ED15C00FCA434 /* Server.cs */; };
		40E4F5A70C305DE80070C214 /* StatsPlugin.cs in Sources */ = {isa = PBXBuildFile; fileRef = 409AAF390BED1D7300F7272C /* StatsPlugin.cs */; };
		40E4F5A80C305DE90070C214 /* SelfPlugin.cs in Sources */ = {isa = PBXBuildFile; fileRef = 40F36F4A0C2F324C009D85A9 /* SelfPlugin.cs */; };
		40E4F5A90C305DEA0070C214 /* ParcelPlugin.cs in Sources */ = {isa = PBXBuildFile; fileRef = 40FBA3C50BFFD6D500073A37 /* ParcelPlugin.cs */; };
		40E4F5AA0C305DEB0070C214 /* NewGroupPlugin.cs in Sources */ = {isa = PBXBuildFile; fileRef = 4040CB360BF406B900D66C78 /* NewGroupPlugin.cs */; };
		40E4F5AC0C305DEE0070C214 /* CommunicationPlugins.cs in Sources */ = {isa = PBXBuildFile; fileRef = 4041F2910BED6DB10084F948 /* CommunicationPlugins.cs */; };
		40F36F220C2F2AAE009D85A9 /* AvatarsPlugin.cs in Sources */ = {isa = PBXBuildFile; fileRef = 40DB64CC0BEC396A002E91C9 /* AvatarsPlugin.cs */; };
		40F36F4D0C2F3274009D85A9 /* UtilPlugins.cs in Sources */ = {isa = PBXBuildFile; fileRef = 402156120BED4D1000CF0E60 /* UtilPlugins.cs */; };
/* End PBXBuildFile section */

/* Begin PBXFileReference section */
		402156120BED4D1000CF0E60 /* UtilPlugins.cs */ = {isa = PBXFileReference; fileEncoding = 30; lastKnownFileType = file; name = UtilPlugins.cs; path = "restbot-plugins/UtilPlugins.cs"; sourceTree = "<group>"; };
		403A8F080C4FBB190020DD34 /* Configuration.cs */ = {isa = PBXFileReference; fileEncoding = 30; lastKnownFileType = file; name = Configuration.cs; path = restbot/Configuration.cs; sourceTree = "<group>"; };
		403A91BB0C4FD3610020DD34 /* CookComputing.XmlRpcV2.dll */ = {isa = PBXFileReference; lastKnownFileType = file; name = CookComputing.XmlRpcV2.dll; path = ../libsecondlife/bin/CookComputing.XmlRpcV2.dll; sourceTree = SOURCE_ROOT; };
		403A91BD0C4FD3700020DD34 /* libsecondlife.dll */ = {isa = PBXFileReference; lastKnownFileType = file; name = libsecondlife.dll; path = ../libsecondlife/bin/Debug/libsecondlife.dll; sourceTree = SOURCE_ROOT; };
		4040CB360BF406B900D66C78 /* NewGroupPlugin.cs */ = {isa = PBXFileReference; fileEncoding = 30; lastKnownFileType = file; name = NewGroupPlugin.cs; path = "restbot-plugins/NewGroupPlugin.cs"; sourceTree = "<group>"; };
		4041F2910BED6DB10084F948 /* CommunicationPlugins.cs */ = {isa = PBXFileReference; fileEncoding = 30; lastKnownFileType = file; name = CommunicationPlugins.cs; path = "restbot-plugins/CommunicationPlugins.cs"; sourceTree = "<group>"; };
		4041F2BD0BED71040084F948 /* InventoryPlugins.cs */ = {isa = PBXFileReference; fileEncoding = 30; lastKnownFileType = file; name = InventoryPlugins.cs; path = "restbot-plugins/InventoryPlugins.cs"; sourceTree = "<group>"; };
		407FAD370BEC17BC0047BB2C /* restbot */ = {isa = PBXFileReference; includeInIndex = 0; lastKnownFileType = text; path = restbot; sourceTree = BUILT_PRODUCTS_DIR; };
		408DAD7A0BEC36250080BB21 /* RestPlugin.cs */ = {isa = PBXFileReference; fileEncoding = 30; lastKnownFileType = file; name = RestPlugin.cs; path = restbot/RestPlugin.cs; sourceTree = "<group>"; };
		408DAD7B0BEC36250080BB21 /* RestBot.cs */ = {isa = PBXFileReference; fileEncoding = 30; lastKnownFileType = file; name = RestBot.cs; path = restbot/RestBot.cs; sourceTree = "<group>"; };
		408DAD7C0BEC36250080BB21 /* Program.cs */ = {isa = PBXFileReference; fileEncoding = 30; lastKnownFileType = file; name = Program.cs; path = restbot/Program.cs; sourceTree = "<group>"; };
		409AAF390BED1D7300F7272C /* StatsPlugin.cs */ = {isa = PBXFileReference; fileEncoding = 30; lastKnownFileType = text; name = StatsPlugin.cs; path = "restbot-plugins/StatsPlugin.cs"; sourceTree = "<group>"; };
		40B962CA0C2ED15C00FCA434 /* DebugUtilities.cs */ = {isa = PBXFileReference; fileEncoding = 30; lastKnownFileType = file; name = DebugUtilities.cs; path = restbot/DebugUtilities.cs; sourceTree = "<group>"; };
		40B962CC0C2ED15C00FCA434 /* HeaderConstructor.cs */ = {isa = PBXFileReference; fileEncoding = 30; lastKnownFileType = file; path = HeaderConstructor.cs; sourceTree = "<group>"; };
		40B962CD0C2ED15C00FCA434 /* HeaderLines.cs */ = {isa = PBXFileReference; fileEncoding = 30; lastKnownFileType = file; path = HeaderLines.cs; sourceTree = "<group>"; };
		40B962CE0C2ED15C00FCA434 /* HeaderParser.cs */ = {isa = PBXFileReference; fileEncoding = 30; lastKnownFileType = file; path = HeaderParser.cs; sourceTree = "<group>"; };
		40B962CF0C2ED15C00FCA434 /* Router.cs */ = {isa = PBXFileReference; fileEncoding = 30; lastKnownFileType = file; path = Router.cs; sourceTree = "<group>"; };
		40B962D00C2ED15C00FCA434 /* Server.cs */ = {isa = PBXFileReference; fileEncoding = 30; lastKnownFileType = file; path = Server.cs; sourceTree = "<group>"; };
		40DB64CC0BEC396A002E91C9 /* AvatarsPlugin.cs */ = {isa = PBXFileReference; fileEncoding = 30; lastKnownFileType = text; name = AvatarsPlugin.cs; path = "restbot-plugins/AvatarsPlugin.cs"; sourceTree = "<group>"; };
		40F36F4A0C2F324C009D85A9 /* SelfPlugin.cs */ = {isa = PBXFileReference; fileEncoding = 4; lastKnownFileType = file; name = SelfPlugin.cs; path = "restbot-plugins/SelfPlugin.cs"; sourceTree = "<group>"; };
		40FBA3C50BFFD6D500073A37 /* ParcelPlugin.cs */ = {isa = PBXFileReference; fileEncoding = 30; lastKnownFileType = file; name = ParcelPlugin.cs; path = "restbot-plugins/ParcelPlugin.cs"; sourceTree = "<group>"; };
/* End PBXFileReference section */

/* Begin PBXFrameworksBuildPhase section */
		407FAD350BEC17BC0047BB2C /* Frameworks */ = {
			isa = PBXFrameworksBuildPhase;
			buildActionMask = 2147483647;
			files = (
				403A91BF0C4FD37E0020DD34 /* libsecondlife.dll in Frameworks */,
				403A91C00C4FD37E0020DD34 /* CookComputing.XmlRpcV2.dll in Frameworks */,
			);
			runOnlyForDeploymentPostprocessing = 0;
		};
/* End PBXFrameworksBuildPhase section */

/* Begin PBXGroup section */
		407FAD200BEC17840047BB2C = {
			isa = PBXGroup;
			children = (
				403A91BD0C4FD3700020DD34 /* libsecondlife.dll */,
				403A91BB0C4FD3610020DD34 /* CookComputing.XmlRpcV2.dll */,
				409AAF8B0BED3FEC00F7272C /* Plugins */,
				409AAF8A0BED3FE400F7272C /* RESTBot */,
				407FAD380BEC17BC0047BB2C /* Products */,
			);
			sourceTree = "<group>";
		};
		407FAD380BEC17BC0047BB2C /* Products */ = {
			isa = PBXGroup;
			children = (
				407FAD370BEC17BC0047BB2C /* restbot */,
			);
			name = Products;
			sourceTree = "<group>";
		};
		409AAF8A0BED3FE400F7272C /* RESTBot */ = {
			isa = PBXGroup;
			children = (
				403A8F080C4FBB190020DD34 /* Configuration.cs */,
				40B962CA0C2ED15C00FCA434 /* DebugUtilities.cs */,
				40B962CB0C2ED15C00FCA434 /* Server */,
				408DAD7A0BEC36250080BB21 /* RestPlugin.cs */,
				408DAD7B0BEC36250080BB21 /* RestBot.cs */,
				408DAD7C0BEC36250080BB21 /* Program.cs */,
			);
			name = RESTBot;
			sourceTree = "<group>";
		};
		409AAF8B0BED3FEC00F7272C /* Plugins */ = {
			isa = PBXGroup;
			children = (
				40FBA3C50BFFD6D500073A37 /* ParcelPlugin.cs */,
				4040CB360BF406B900D66C78 /* NewGroupPlugin.cs */,
				4041F2BD0BED71040084F948 /* InventoryPlugins.cs */,
				4041F2910BED6DB10084F948 /* CommunicationPlugins.cs */,
				402156120BED4D1000CF0E60 /* UtilPlugins.cs */,
				409AAF390BED1D7300F7272C /* StatsPlugin.cs */,
				40DB64CC0BEC396A002E91C9 /* AvatarsPlugin.cs */,
				40F36F4A0C2F324C009D85A9 /* SelfPlugin.cs */,
			);
			name = Plugins;
			sourceTree = "<group>";
		};
		40B962CB0C2ED15C00FCA434 /* Server */ = {
			isa = PBXGroup;
			children = (
				40B962CC0C2ED15C00FCA434 /* HeaderConstructor.cs */,
				40B962CD0C2ED15C00FCA434 /* HeaderLines.cs */,
				40B962CE0C2ED15C00FCA434 /* HeaderParser.cs */,
				40B962CF0C2ED15C00FCA434 /* Router.cs */,
				40B962D00C2ED15C00FCA434 /* Server.cs */,
			);
			name = Server;
			path = restbot/Server;
			sourceTree = "<group>";
		};
/* End PBXGroup section */

/* Begin PBXNativeTarget section */
		407FAD360BEC17BC0047BB2C /* restbot */ = {
			isa = PBXNativeTarget;
			buildConfigurationList = 407FAD3A0BEC17BC0047BB2C /* Build configuration list for PBXNativeTarget "restbot" */;
			buildPhases = (
				407FAD340BEC17BC0047BB2C /* Sources */,
				407FAD350BEC17BC0047BB2C /* Frameworks */,
			);
			buildRules = (
			);
			dependencies = (
			);
			name = restbot;
			productName = restbot;
			productReference = 407FAD370BEC17BC0047BB2C /* restbot */;
			productType = "com.mono.product-type.executable";
		};
/* End PBXNativeTarget section */

/* Begin PBXProject section */
		407FAD220BEC17840047BB2C /* Project object */ = {
			isa = PBXProject;
			buildConfigurationList = 407FAD230BEC17840047BB2C /* Build configuration list for PBXProject "restbot" */;
			compatibilityVersion = "Xcode 2.4";
			hasScannedForEncodings = 0;
			mainGroup = 407FAD200BEC17840047BB2C;
			productRefGroup = 407FAD380BEC17BC0047BB2C /* Products */;
			projectDirPath = "";
			projectRoot = "";
			targets = (
				407FAD360BEC17BC0047BB2C /* restbot */,
			);
		};
/* End PBXProject section */

/* Begin PBXSourcesBuildPhase section */
		407FAD340BEC17BC0047BB2C /* Sources */ = {
			isa = PBXSourcesBuildPhase;
			buildActionMask = 2147483647;
			files = (
				408DAD7E0BEC36250080BB21 /* RestPlugin.cs in Sources */,
				408DAD7F0BEC36250080BB21 /* RestBot.cs in Sources */,
				408DAD800BEC36250080BB21 /* Program.cs in Sources */,
				40B962D80C2ED15C00FCA434 /* DebugUtilities.cs in Sources */,
				40B962D90C2ED15C00FCA434 /* HeaderConstructor.cs in Sources */,
				40B962DA0C2ED15C00FCA434 /* HeaderLines.cs in Sources */,
				40B962DB0C2ED15C00FCA434 /* HeaderParser.cs in Sources */,
				40B962DC0C2ED15C00FCA434 /* Router.cs in Sources */,
				40B962FE0C2ED55000FCA434 /* Server.cs in Sources */,
				40F36F220C2F2AAE009D85A9 /* AvatarsPlugin.cs in Sources */,
				40F36F4D0C2F3274009D85A9 /* UtilPlugins.cs in Sources */,
				40E4F5A70C305DE80070C214 /* StatsPlugin.cs in Sources */,
				40E4F5A80C305DE90070C214 /* SelfPlugin.cs in Sources */,
				40E4F5A90C305DEA0070C214 /* ParcelPlugin.cs in Sources */,
				40E4F5AA0C305DEB0070C214 /* NewGroupPlugin.cs in Sources */,
				40E4F5AC0C305DEE0070C214 /* CommunicationPlugins.cs in Sources */,
				403A8F090C4FBB190020DD34 /* Configuration.cs in Sources */,
			);
			runOnlyForDeploymentPostprocessing = 0;
		};
/* End PBXSourcesBuildPhase section */

/* Begin XCBuildConfiguration section */
		407FAD240BEC17840047BB2C /* Debug */ = {
			isa = XCBuildConfiguration;
			buildSettings = {
				COPY_PHASE_STRIP = NO;
			};
			name = Debug;
		};
		407FAD250BEC17840047BB2C /* Release */ = {
			isa = XCBuildConfiguration;
			buildSettings = {
				COPY_PHASE_STRIP = YES;
			};
			name = Release;
		};
		407FAD3B0BEC17BC0047BB2C /* Debug */ = {
			isa = XCBuildConfiguration;
			buildSettings = {
				COPY_PHASE_STRIP = NO;
				CS_DEBUG = YES;
				CS_REFERENCEDASSEMBLIES = "System;System.Data;System.Xml;System.Drawing";
				EXECUTABLE_EXTENSION = exe;
				GCC_DYNAMIC_NO_PIC = NO;
				GCC_GENERATE_DEBUGGING_SYMBOLS = YES;
				GCC_OPTIMIZATION_LEVEL = 0;
				INSTALL_PATH = "$(HOME)/Applications";
				PRODUCT_NAME = restbot;
				TARGET_TYPE = "-target:exe";
			};
			name = Debug;
		};
		407FAD3C0BEC17BC0047BB2C /* Release */ = {
			isa = XCBuildConfiguration;
			buildSettings = {
				COPY_PHASE_STRIP = YES;
				CS_REFERENCEDASSEMBLIES = "System;System.Data;System.Xml;System.Drawing";
				EXECUTABLE_EXTENSION = exe;
				GCC_ENABLE_FIX_AND_CONTINUE = NO;
				GCC_GENERATE_DEBUGGING_SYMBOLS = NO;
				INSTALL_PATH = "$(HOME)/Applications";
				PRODUCT_NAME = restbot;
				TARGET_TYPE = "-target:exe";
				ZERO_LINK = NO;
			};
			name = Release;
		};
/* End XCBuildConfiguration section */

/* Begin XCConfigurationList section */
		407FAD230BEC17840047BB2C /* Build configuration list for PBXProject "restbot" */ = {
			isa = XCConfigurationList;
			buildConfigurations = (
				407FAD240BEC17840047BB2C /* Debug */,
				407FAD250BEC17840047BB2C /* Release */,
			);
			defaultConfigurationIsVisible = 0;
			defaultConfigurationName = Release;
		};
		407FAD3A0BEC17BC0047BB2C /* Build configuration list for PBXNativeTarget "restbot" */ = {
			isa = XCConfigurationList;
			buildConfigurations = (
				407FAD3B0BEC17BC0047BB2C /* Debug */,
				407FAD3C0BEC17BC0047BB2C /* Release */,
			);
			defaultConfigurationIsVisible = 0;
			defaultConfigurationName = Release;
		};
/* End XCConfigurationList section */
	};
	rootObject = 407FAD220BEC17840047BB2C /* Project object */;
}
