Microsoft Visual Studio Solution File, Format Version 11.00
# Visual Studio 2010
Project("{FAE04EC0-301F-11D3-BF4B-00C04F79EFBC}") = "Dashboard", "../libsl/Programs/examples/Dashboard/Dashboard.csproj", "{72A1CB2E-B957-4766-A3AF-861E85F651A1}"
EndProject
Project("{FAE04EC0-301F-11D3-BF4B-00C04F79EFBC}") = "GridAccountant", "../libsl/Programs/examples/GridAccountant/GridAccountant.csproj", "{550517A1-A250-4FFF-8BD3-D0B90149D826}"
EndProject
Project("{FAE04EC0-301F-11D3-BF4B-00C04F79EFBC}") = "WinGridProxy", "../libsl/Programs/WinGridProxy/WinGridProxy.csproj", "{09D70F3B-19C0-4699-A0AD-00616E7D070D}"
EndProject
Project("{FAE04EC0-301F-11D3-BF4B-00C04F79EFBC}") = "groupmanager", "../libsl/Programs/examples/groupmanager/groupmanager.csproj", "{2C0A9E89-2A74-4639-BDE8-6B8EEE5C2588}"
EndProject
Project("{FAE04EC0-301F-11D3-BF4B-00C04F79EFBC}") = "Heightmap", "../libsl/Programs/examples/Heightmap/Heightmap.csproj", "{CA91EB65-A97F-4B79-91F3-3A6B64D268DC}"
EndProject
Project("{FAE04EC0-301F-11D3-BF4B-00C04F79EFBC}") = "CSJ2K", "../libsl/CSJ2K/CSJ2K.csproj", "{C4DB5FB5-682B-4E1F-AFA4-C1006E6E90C4}"
EndProject
Project("{FAE04EC0-301F-11D3-BF4B-00C04F79EFBC}") = "OpenMetaverse.Utilities", "../libsl/OpenMetaverse.Utilities/OpenMetaverse.Utilities.csproj", "{917D98D0-3456-4C00-AD89-280481B9D486}"
EndProject
Project("{FAE04EC0-301F-11D3-BF4B-00C04F79EFBC}") = "AvatarPreview", "../libsl/Programs/AvatarPreview/AvatarPreview.csproj", "{83CC9E43-EC32-47DA-9A2D-C03B0E7B1FD6}"
EndProject
Project("{FAE04EC0-301F-11D3-BF4B-00C04F79EFBC}") = "VisualParamGenerator", "../libsl/Programs/VisualParamGenerator/VisualParamGenerator.csproj", "{99DDC9AD-C441-4DAB-82D7-2A520AB511C1}"
EndProject
Project("{FAE04EC0-301F-11D3-BF4B-00C04F79EFBC}") = "Baker", "../libsl/Programs/Baker/Baker.csproj", "{6996B4D7-891D-4653-A3B7-9035C8EF0C35}"
EndProject
Project("{FAE04EC0-301F-11D3-BF4B-00C04F79EFBC}") = "GridImageUpload", "../libsl/Programs/GridImageUpload/GridImageUpload.csproj", "{762EEE8E-D260-45A8-95E0-59F5789C1A52}"
EndProject
Project("{FAE04EC0-301F-11D3-BF4B-00C04F79EFBC}") = "TestClient", "../libsl/Programs/examples/TestClient/TestClient.csproj", "{09484862-79C3-49F9-AFF1-B24E4DA9D761}"
EndProject
Project("{FAE04EC0-301F-11D3-BF4B-00C04F79EFBC}") = "OpenMetaverseTypes", "../libsl/OpenMetaverseTypes/OpenMetaverseTypes.csproj", "{9DA63A7F-58DB-4F64-864A-4145DF81FA1F}"
EndProject
Project("{FAE04EC0-301F-11D3-BF4B-00C04F79EFBC}") = "OpenMetaverse.GUI", "../libsl/OpenMetaverse.GUI/OpenMetaverse.GUI.csproj", "{B540C68A-2C42-438E-8342-C0CC390555F2}"
EndProject
Project("{FAE04EC0-301F-11D3-BF4B-00C04F79EFBC}") = "IRCGateway", "../libsl/Programs/examples/IRCGateway/IRCGateway.csproj", "{CE2A6FBC-D0EC-4902-8CFC-F37EA6389637}"
EndProject
Project("{FAE04EC0-301F-11D3-BF4B-00C04F79EFBC}") = "OpenMetaverse.Rendering.Meshmerizer", "../libsl/OpenMetaverse.Rendering.Meshmerizer/OpenMetaverse.Rendering.Meshmerizer.csproj", "{E73CE794-E2CB-422E-8D41-C7391C072735}"
EndProject
Project("{FAE04EC0-301F-11D3-BF4B-00C04F79EFBC}") = "PacketDump", "../libsl/Programs/examples/PacketDump/PacketDump.csproj", "{01A726BB-C27E-428F-947E-712210C46FC6}"
EndProject
Project("{FAE04EC0-301F-11D3-BF4B-00C04F79EFBC}") = "GridProxy", "../libsl/Programs/GridProxy/GridProxy.csproj", "{D63CF645-7935-4F7D-8295-E386687474D6}"
EndProject
Project("{FAE04EC0-301F-11D3-BF4B-00C04F79EFBC}") = "OpenMetaverse", "../libsl/OpenMetaverse/OpenMetaverse.csproj", "{C9CE135E-9F11-4673-8061-A16117E18DA6}"
EndProject
Project("{FAE04EC0-301F-11D3-BF4B-00C04F79EFBC}") = "OpenMetaverse.Tests", "../libsl/OpenMetaverse.Tests/OpenMetaverse.Tests.csproj", "{0A7F94F4-A976-49B1-9E84-6D3427835C64}"
EndProject
Project("{FAE04EC0-301F-11D3-BF4B-00C04F79EFBC}") = "PrimWorkshop", "../libsl/Programs/PrimWorkshop/PrimWorkshop.csproj", "{FBB7207A-D3D3-4375-ABFB-067A6F57EA8C}"
EndProject
Project("{FAE04EC0-301F-11D3-BF4B-00C04F79EFBC}") = "OpenMetaverse.StructuredData", "../libsl/OpenMetaverse.StructuredData/OpenMetaverse.StructuredData.csproj", "{45B255E1-CB4D-4623-A933-8AAA527FA81A}"
EndProject
Project("{FAE04EC0-301F-11D3-BF4B-00C04F79EFBC}") = "mapgenerator", "../libsl/Programs/mapgenerator/mapgenerator.csproj", "{51A281D4-3836-4565-AA78-10E8FCBBF784}"
EndProject
Project("{FAE04EC0-301F-11D3-BF4B-00C04F79EFBC}") = "GridProxyApp", "../libsl/Programs/GridProxy/GridProxyApp.csproj", "{F984FEEE-6F01-45A4-B587-7001D3651362}"
EndProject
Project("{FAE04EC0-301F-11D3-BF4B-00C04F79EFBC}") = "VoiceTest", "../libsl/Programs/VoiceTest/VoiceTest.csproj", "{B4A4F991-6515-4093-B446-E8C53E06845E}"
EndProject
Project("{FAE04EC0-301F-11D3-BF4B-00C04F79EFBC}") = "OpenMetaverse.Rendering.Simple", "../libsl/OpenMetaverse.Rendering.Simple/OpenMetaverse.Rendering.Simple.csproj", "{E2ED4463-8765-48CA-8AE4-2AD0812E4D87}"
EndProject
Project("{FAE04EC0-301F-11D3-BF4B-00C04F79EFBC}") = "importprimscript", "../libsl/Programs/importprimscript/importprimscript.csproj", "{BDCAECF1-6DA5-425C-8EA7-3C5E0A78F518}"
EndProject
Global
	GlobalSection(SolutionConfigurationPlatforms) = preSolution
		Release|Any CPU = Release|Any CPU
		Debug|Any CPU = Debug|Any CPU
	EndGlobalSection
	GlobalSection(ProjectConfigurationPlatforms) = postSolution
		{72A1CB2E-B957-4766-A3AF-861E85F651A1}.Release|Any CPU.ActiveCfg = Release|Any CPU
		{72A1CB2E-B957-4766-A3AF-861E85F651A1}.Release|Any CPU.Build.0 = Release|Any CPU
		{72A1CB2E-B957-4766-A3AF-861E85F651A1}.Debug|Any CPU.ActiveCfg = Debug|Any CPU
		{72A1CB2E-B957-4766-A3AF-861E85F651A1}.Debug|Any CPU.Build.0 = Debug|Any CPU
		{550517A1-A250-4FFF-8BD3-D0B90149D826}.Release|Any CPU.ActiveCfg = Release|Any CPU
		{550517A1-A250-4FFF-8BD3-D0B90149D826}.Release|Any CPU.Build.0 = Release|Any CPU
		{550517A1-A250-4FFF-8BD3-D0B90149D826}.Debug|Any CPU.ActiveCfg = Debug|Any CPU
		{550517A1-A250-4FFF-8BD3-D0B90149D826}.Debug|Any CPU.Build.0 = Debug|Any CPU
		{09D70F3B-19C0-4699-A0AD-00616E7D070D}.Release|Any CPU.ActiveCfg = Release|Any CPU
		{09D70F3B-19C0-4699-A0AD-00616E7D070D}.Release|Any CPU.Build.0 = Release|Any CPU
		{09D70F3B-19C0-4699-A0AD-00616E7D070D}.Debug|Any CPU.ActiveCfg = Debug|Any CPU
		{09D70F3B-19C0-4699-A0AD-00616E7D070D}.Debug|Any CPU.Build.0 = Debug|Any CPU
		{2C0A9E89-2A74-4639-BDE8-6B8EEE5C2588}.Release|Any CPU.ActiveCfg = Release|Any CPU
		{2C0A9E89-2A74-4639-BDE8-6B8EEE5C2588}.Release|Any CPU.Build.0 = Release|Any CPU
		{2C0A9E89-2A74-4639-BDE8-6B8EEE5C2588}.Debug|Any CPU.ActiveCfg = Debug|Any CPU
		{2C0A9E89-2A74-4639-BDE8-6B8EEE5C2588}.Debug|Any CPU.Build.0 = Debug|Any CPU
		{CA91EB65-A97F-4B79-91F3-3A6B64D268DC}.Release|Any CPU.ActiveCfg = Release|Any CPU
		{CA91EB65-A97F-4B79-91F3-3A6B64D268DC}.Release|Any CPU.Build.0 = Release|Any CPU
		{CA91EB65-A97F-4B79-91F3-3A6B64D268DC}.Debug|Any CPU.ActiveCfg = Debug|Any CPU
		{CA91EB65-A97F-4B79-91F3-3A6B64D268DC}.Debug|Any CPU.Build.0 = Debug|Any CPU
		{C4DB5FB5-682B-4E1F-AFA4-C1006E6E90C4}.Release|Any CPU.ActiveCfg = Release|Any CPU
		{C4DB5FB5-682B-4E1F-AFA4-C1006E6E90C4}.Release|Any CPU.Build.0 = Release|Any CPU
		{C4DB5FB5-682B-4E1F-AFA4-C1006E6E90C4}.Debug|Any CPU.ActiveCfg = Debug|Any CPU
		{C4DB5FB5-682B-4E1F-AFA4-C1006E6E90C4}.Debug|Any CPU.Build.0 = Debug|Any CPU
		{917D98D0-3456-4C00-AD89-280481B9D486}.Release|Any CPU.ActiveCfg = Release|Any CPU
		{917D98D0-3456-4C00-AD89-280481B9D486}.Release|Any CPU.Build.0 = Release|Any CPU
		{917D98D0-3456-4C00-AD89-280481B9D486}.Debug|Any CPU.ActiveCfg = Debug|Any CPU
		{917D98D0-3456-4C00-AD89-280481B9D486}.Debug|Any CPU.Build.0 = Debug|Any CPU
		{83CC9E43-EC32-47DA-9A2D-C03B0E7B1FD6}.Release|Any CPU.ActiveCfg = Release|Any CPU
		{83CC9E43-EC32-47DA-9A2D-C03B0E7B1FD6}.Release|Any CPU.Build.0 = Release|Any CPU
		{83CC9E43-EC32-47DA-9A2D-C03B0E7B1FD6}.Debug|Any CPU.ActiveCfg = Debug|Any CPU
		{83CC9E43-EC32-47DA-9A2D-C03B0E7B1FD6}.Debug|Any CPU.Build.0 = Debug|Any CPU
		{99DDC9AD-C441-4DAB-82D7-2A520AB511C1}.Release|Any CPU.ActiveCfg = Release|Any CPU
		{99DDC9AD-C441-4DAB-82D7-2A520AB511C1}.Release|Any CPU.Build.0 = Release|Any CPU
		{99DDC9AD-C441-4DAB-82D7-2A520AB511C1}.Debug|Any CPU.ActiveCfg = Debug|Any CPU
		{99DDC9AD-C441-4DAB-82D7-2A520AB511C1}.Debug|Any CPU.Build.0 = Debug|Any CPU
		{6996B4D7-891D-4653-A3B7-9035C8EF0C35}.Release|Any CPU.ActiveCfg = Release|Any CPU
		{6996B4D7-891D-4653-A3B7-9035C8EF0C35}.Release|Any CPU.Build.0 = Release|Any CPU
		{6996B4D7-891D-4653-A3B7-9035C8EF0C35}.Debug|Any CPU.ActiveCfg = Debug|Any CPU
		{6996B4D7-891D-4653-A3B7-9035C8EF0C35}.Debug|Any CPU.Build.0 = Debug|Any CPU
		{762EEE8E-D260-45A8-95E0-59F5789C1A52}.Release|Any CPU.ActiveCfg = Release|Any CPU
		{762EEE8E-D260-45A8-95E0-59F5789C1A52}.Release|Any CPU.Build.0 = Release|Any CPU
		{762EEE8E-D260-45A8-95E0-59F5789C1A52}.Debug|Any CPU.ActiveCfg = Debug|Any CPU
		{762EEE8E-D260-45A8-95E0-59F5789C1A52}.Debug|Any CPU.Build.0 = Debug|Any CPU
		{09484862-79C3-49F9-AFF1-B24E4DA9D761}.Release|Any CPU.ActiveCfg = Release|Any CPU
		{09484862-79C3-49F9-AFF1-B24E4DA9D761}.Release|Any CPU.Build.0 = Release|Any CPU
		{09484862-79C3-49F9-AFF1-B24E4DA9D761}.Debug|Any CPU.ActiveCfg = Debug|Any CPU
		{09484862-79C3-49F9-AFF1-B24E4DA9D761}.Debug|Any CPU.Build.0 = Debug|Any CPU
		{9DA63A7F-58DB-4F64-864A-4145DF81FA1F}.Release|Any CPU.ActiveCfg = Release|Any CPU
		{9DA63A7F-58DB-4F64-864A-4145DF81FA1F}.Release|Any CPU.Build.0 = Release|Any CPU
		{9DA63A7F-58DB-4F64-864A-4145DF81FA1F}.Debug|Any CPU.ActiveCfg = Debug|Any CPU
		{9DA63A7F-58DB-4F64-864A-4145DF81FA1F}.Debug|Any CPU.Build.0 = Debug|Any CPU
		{B540C68A-2C42-438E-8342-C0CC390555F2}.Release|Any CPU.ActiveCfg = Release|Any CPU
		{B540C68A-2C42-438E-8342-C0CC390555F2}.Release|Any CPU.Build.0 = Release|Any CPU
		{B540C68A-2C42-438E-8342-C0CC390555F2}.Debug|Any CPU.ActiveCfg = Debug|Any CPU
		{B540C68A-2C42-438E-8342-C0CC390555F2}.Debug|Any CPU.Build.0 = Debug|Any CPU
		{CE2A6FBC-D0EC-4902-8CFC-F37EA6389637}.Release|Any CPU.ActiveCfg = Release|Any CPU
		{CE2A6FBC-D0EC-4902-8CFC-F37EA6389637}.Release|Any CPU.Build.0 = Release|Any CPU
		{CE2A6FBC-D0EC-4902-8CFC-F37EA6389637}.Debug|Any CPU.ActiveCfg = Debug|Any CPU
		{CE2A6FBC-D0EC-4902-8CFC-F37EA6389637}.Debug|Any CPU.Build.0 = Debug|Any CPU
		{E73CE794-E2CB-422E-8D41-C7391C072735}.Release|Any CPU.ActiveCfg = Release|Any CPU
		{E73CE794-E2CB-422E-8D41-C7391C072735}.Release|Any CPU.Build.0 = Release|Any CPU
		{E73CE794-E2CB-422E-8D41-C7391C072735}.Debug|Any CPU.ActiveCfg = Debug|Any CPU
		{E73CE794-E2CB-422E-8D41-C7391C072735}.Debug|Any CPU.Build.0 = Debug|Any CPU
		{01A726BB-C27E-428F-947E-712210C46FC6}.Release|Any CPU.ActiveCfg = Release|Any CPU
		{01A726BB-C27E-428F-947E-712210C46FC6}.Release|Any CPU.Build.0 = Release|Any CPU
		{01A726BB-C27E-428F-947E-712210C46FC6}.Debug|Any CPU.ActiveCfg = Debug|Any CPU
		{01A726BB-C27E-428F-947E-712210C46FC6}.Debug|Any CPU.Build.0 = Debug|Any CPU
		{D63CF645-7935-4F7D-8295-E386687474D6}.Release|Any CPU.ActiveCfg = Release|Any CPU
		{D63CF645-7935-4F7D-8295-E386687474D6}.Release|Any CPU.Build.0 = Release|Any CPU
		{D63CF645-7935-4F7D-8295-E386687474D6}.Debug|Any CPU.ActiveCfg = Debug|Any CPU
		{D63CF645-7935-4F7D-8295-E386687474D6}.Debug|Any CPU.Build.0 = Debug|Any CPU
		{C9CE135E-9F11-4673-8061-A16117E18DA6}.Release|Any CPU.ActiveCfg = Release|Any CPU
		{C9CE135E-9F11-4673-8061-A16117E18DA6}.Release|Any CPU.Build.0 = Release|Any CPU
		{C9CE135E-9F11-4673-8061-A16117E18DA6}.Debug|Any CPU.ActiveCfg = Debug|Any CPU
		{C9CE135E-9F11-4673-8061-A16117E18DA6}.Debug|Any CPU.Build.0 = Debug|Any CPU
		{0A7F94F4-A976-49B1-9E84-6D3427835C64}.Release|Any CPU.ActiveCfg = Release|Any CPU
		{0A7F94F4-A976-49B1-9E84-6D3427835C64}.Release|Any CPU.Build.0 = Release|Any CPU
		{0A7F94F4-A976-49B1-9E84-6D3427835C64}.Debug|Any CPU.ActiveCfg = Debug|Any CPU
		{0A7F94F4-A976-49B1-9E84-6D3427835C64}.Debug|Any CPU.Build.0 = Debug|Any CPU
		{FBB7207A-D3D3-4375-ABFB-067A6F57EA8C}.Release|Any CPU.ActiveCfg = Release|Any CPU
		{FBB7207A-D3D3-4375-ABFB-067A6F57EA8C}.Release|Any CPU.Build.0 = Release|Any CPU
		{FBB7207A-D3D3-4375-ABFB-067A6F57EA8C}.Debug|Any CPU.ActiveCfg = Debug|Any CPU
		{FBB7207A-D3D3-4375-ABFB-067A6F57EA8C}.Debug|Any CPU.Build.0 = Debug|Any CPU
		{45B255E1-CB4D-4623-A933-8AAA527FA81A}.Release|Any CPU.ActiveCfg = Release|Any CPU
		{45B255E1-CB4D-4623-A933-8AAA527FA81A}.Release|Any CPU.Build.0 = Release|Any CPU
		{45B255E1-CB4D-4623-A933-8AAA527FA81A}.Debug|Any CPU.ActiveCfg = Debug|Any CPU
		{45B255E1-CB4D-4623-A933-8AAA527FA81A}.Debug|Any CPU.Build.0 = Debug|Any CPU
		{51A281D4-3836-4565-AA78-10E8FCBBF784}.Release|Any CPU.ActiveCfg = Release|Any CPU
		{51A281D4-3836-4565-AA78-10E8FCBBF784}.Release|Any CPU.Build.0 = Release|Any CPU
		{51A281D4-3836-4565-AA78-10E8FCBBF784}.Debug|Any CPU.ActiveCfg = Debug|Any CPU
		{51A281D4-3836-4565-AA78-10E8FCBBF784}.Debug|Any CPU.Build.0 = Debug|Any CPU
		{F984FEEE-6F01-45A4-B587-7001D3651362}.Release|Any CPU.ActiveCfg = Release|Any CPU
		{F984FEEE-6F01-45A4-B587-7001D3651362}.Release|Any CPU.Build.0 = Release|Any CPU
		{F984FEEE-6F01-45A4-B587-7001D3651362}.Debug|Any CPU.ActiveCfg = Debug|Any CPU
		{F984FEEE-6F01-45A4-B587-7001D3651362}.Debug|Any CPU.Build.0 = Debug|Any CPU
		{B4A4F991-6515-4093-B446-E8C53E06845E}.Release|Any CPU.ActiveCfg = Release|Any CPU
		{B4A4F991-6515-4093-B446-E8C53E06845E}.Release|Any CPU.Build.0 = Release|Any CPU
		{B4A4F991-6515-4093-B446-E8C53E06845E}.Debug|Any CPU.ActiveCfg = Debug|Any CPU
		{B4A4F991-6515-4093-B446-E8C53E06845E}.Debug|Any CPU.Build.0 = Debug|Any CPU
		{E2ED4463-8765-48CA-8AE4-2AD0812E4D87}.Release|Any CPU.ActiveCfg = Release|Any CPU
		{E2ED4463-8765-48CA-8AE4-2AD0812E4D87}.Release|Any CPU.Build.0 = Release|Any CPU
		{E2ED4463-8765-48CA-8AE4-2AD0812E4D87}.Debug|Any CPU.ActiveCfg = Debug|Any CPU
		{E2ED4463-8765-48CA-8AE4-2AD0812E4D87}.Debug|Any CPU.Build.0 = Debug|Any CPU
		{BDCAECF1-6DA5-425C-8EA7-3C5E0A78F518}.Release|Any CPU.ActiveCfg = Release|Any CPU
		{BDCAECF1-6DA5-425C-8EA7-3C5E0A78F518}.Release|Any CPU.Build.0 = Release|Any CPU
		{BDCAECF1-6DA5-425C-8EA7-3C5E0A78F518}.Debug|Any CPU.ActiveCfg = Debug|Any CPU
		{BDCAECF1-6DA5-425C-8EA7-3C5E0A78F518}.Debug|Any CPU.Build.0 = Debug|Any CPU
	EndGlobalSection
EndGlobal
