Microsoft Visual Studio Solution File, Format Version 11.00
# Visual Studio 2010
Project("{FAE04EC0-301F-11D3-BF4B-00C04F79EFBC}") = "Dashboard", "../libopenmetaverse/Programs/examples/Dashboard/Dashboard.csproj", "{27C8401D-ECC7-4D5E-8093-77867C2CDEB6}"
EndProject
Project("{FAE04EC0-301F-11D3-BF4B-00C04F79EFBC}") = "GridAccountant", "../libopenmetaverse/Programs/examples/GridAccountant/GridAccountant.csproj", "{B1A4071C-8792-4DE6-BF46-63DCB2DD02E9}"
EndProject
Project("{FAE04EC0-301F-11D3-BF4B-00C04F79EFBC}") = "WinGridProxy", "../libopenmetaverse/Programs/WinGridProxy/WinGridProxy.csproj", "{2C93A4F6-547B-454E-9F01-BCB87ABAE5A6}"
EndProject
Project("{FAE04EC0-301F-11D3-BF4B-00C04F79EFBC}") = "groupmanager", "../libopenmetaverse/Programs/examples/groupmanager/groupmanager.csproj", "{9A923B22-59C2-44C3-BA87-0B4E1EF71AA0}"
EndProject
Project("{FAE04EC0-301F-11D3-BF4B-00C04F79EFBC}") = "Heightmap", "../libopenmetaverse/Programs/examples/Heightmap/Heightmap.csproj", "{40FD75A2-BD6F-4720-B3A2-B9AE97AD7F20}"
EndProject
Project("{FAE04EC0-301F-11D3-BF4B-00C04F79EFBC}") = "CSJ2K", "../libopenmetaverse/CSJ2K/CSJ2K.csproj", "{55AE877B-A07B-4CC2-AD24-596D2519AC29}"
EndProject
Project("{FAE04EC0-301F-11D3-BF4B-00C04F79EFBC}") = "OpenMetaverse.Utilities", "../libopenmetaverse/OpenMetaverse.Utilities/OpenMetaverse.Utilities.csproj", "{8DB533E1-38B2-4E2B-B197-04FAC235A52E}"
EndProject
Project("{FAE04EC0-301F-11D3-BF4B-00C04F79EFBC}") = "AvatarPreview", "../libopenmetaverse/Programs/AvatarPreview/AvatarPreview.csproj", "{E9DB1A3F-0359-462A-B159-8031AFE0D721}"
EndProject
Project("{FAE04EC0-301F-11D3-BF4B-00C04F79EFBC}") = "VisualParamGenerator", "../libopenmetaverse/Programs/VisualParamGenerator/VisualParamGenerator.csproj", "{59D7D0A9-6B99-4748-A326-D06547D7485A}"
EndProject
Project("{FAE04EC0-301F-11D3-BF4B-00C04F79EFBC}") = "Baker", "../libopenmetaverse/Programs/Baker/Baker.csproj", "{8411E1ED-806C-4C5E-9C49-4C8654B6632B}"
EndProject
Project("{FAE04EC0-301F-11D3-BF4B-00C04F79EFBC}") = "GridImageUpload", "../libopenmetaverse/Programs/GridImageUpload/GridImageUpload.csproj", "{65AF172C-E21E-4EBE-BA46-A12F4C365DCB}"
EndProject
Project("{FAE04EC0-301F-11D3-BF4B-00C04F79EFBC}") = "TestClient", "../libopenmetaverse/Programs/examples/TestClient/TestClient.csproj", "{43941F05-E257-48A1-9060-8C669E9E0509}"
EndProject
Project("{FAE04EC0-301F-11D3-BF4B-00C04F79EFBC}") = "OpenMetaverseTypes", "../libopenmetaverse/OpenMetaverseTypes/OpenMetaverseTypes.csproj", "{864264DB-F2AA-446C-A569-1900EE06CBF3}"
EndProject
Project("{FAE04EC0-301F-11D3-BF4B-00C04F79EFBC}") = "OpenMetaverse.GUI", "../libopenmetaverse/OpenMetaverse.GUI/OpenMetaverse.GUI.csproj", "{5A026099-ADCB-4251-A1D6-92F7B9F6EC89}"
EndProject
Project("{FAE04EC0-301F-11D3-BF4B-00C04F79EFBC}") = "IRCGateway", "../libopenmetaverse/Programs/examples/IRCGateway/IRCGateway.csproj", "{B33F1E3D-28B4-4753-AEF8-CD3DED1E854F}"
EndProject
Project("{FAE04EC0-301F-11D3-BF4B-00C04F79EFBC}") = "OpenMetaverse.Rendering.Meshmerizer", "../libopenmetaverse/OpenMetaverse.Rendering.Meshmerizer/OpenMetaverse.Rendering.Meshmerizer.csproj", "{9CC3CD6D-A57F-48A2-95E6-3C5602EEDBF1}"
EndProject
Project("{FAE04EC0-301F-11D3-BF4B-00C04F79EFBC}") = "PacketDump", "../libopenmetaverse/Programs/examples/PacketDump/PacketDump.csproj", "{210B9633-AE95-418B-9A80-A9C370715768}"
EndProject
Project("{FAE04EC0-301F-11D3-BF4B-00C04F79EFBC}") = "GridProxy", "../libopenmetaverse/Programs/GridProxy/GridProxy.csproj", "{98FB32AA-6C0B-4978-87FA-7DB82066BE6E}"
EndProject
Project("{FAE04EC0-301F-11D3-BF4B-00C04F79EFBC}") = "OpenMetaverse", "../libopenmetaverse/OpenMetaverse/OpenMetaverse.csproj", "{DE571A9C-8821-447B-8432-26A69B31FC35}"
EndProject
Project("{FAE04EC0-301F-11D3-BF4B-00C04F79EFBC}") = "OpenMetaverse.Tests", "../libopenmetaverse/OpenMetaverse.Tests/OpenMetaverse.Tests.csproj", "{A8034EA5-07D4-4FBB-89D6-EE76633CDDD2}"
EndProject
Project("{FAE04EC0-301F-11D3-BF4B-00C04F79EFBC}") = "PrimWorkshop", "../libopenmetaverse/Programs/PrimWorkshop/PrimWorkshop.csproj", "{641BD959-75A4-42A0-88E1-109A68AE5005}"
EndProject
Project("{FAE04EC0-301F-11D3-BF4B-00C04F79EFBC}") = "OpenMetaverse.StructuredData", "../libopenmetaverse/OpenMetaverse.StructuredData/OpenMetaverse.StructuredData.csproj", "{28A9CBAB-D308-4193-9B07-6A9E69829D77}"
EndProject
Project("{FAE04EC0-301F-11D3-BF4B-00C04F79EFBC}") = "mapgenerator", "../libopenmetaverse/Programs/mapgenerator/mapgenerator.csproj", "{9302BC40-3B09-4681-AFA9-14494D6E35F3}"
EndProject
Project("{FAE04EC0-301F-11D3-BF4B-00C04F79EFBC}") = "GridProxyApp", "../libopenmetaverse/Programs/GridProxy/GridProxyApp.csproj", "{AE6DC230-5590-4D29-85B3-B47944DFA383}"
EndProject
Project("{FAE04EC0-301F-11D3-BF4B-00C04F79EFBC}") = "VoiceTest", "../libopenmetaverse/Programs/VoiceTest/VoiceTest.csproj", "{AB1C40CE-DE4A-421B-9F4D-5016B7D5F5D3}"
EndProject
Project("{FAE04EC0-301F-11D3-BF4B-00C04F79EFBC}") = "OpenMetaverse.Rendering.Simple", "../libopenmetaverse/OpenMetaverse.Rendering.Simple/OpenMetaverse.Rendering.Simple.csproj", "{6DF4E78C-8565-40FC-BE64-7F1A231969CF}"
EndProject
Project("{FAE04EC0-301F-11D3-BF4B-00C04F79EFBC}") = "importprimscript", "../libopenmetaverse/Programs/importprimscript/importprimscript.csproj", "{87613A0F-B7E8-4C57-9C96-FC8224A11223}"
EndProject
Global
	GlobalSection(SolutionConfigurationPlatforms) = preSolution
		Release|Any CPU = Release|Any CPU
		Debug|Any CPU = Debug|Any CPU
	EndGlobalSection
	GlobalSection(ProjectConfigurationPlatforms) = postSolution
		{27C8401D-ECC7-4D5E-8093-77867C2CDEB6}.Release|Any CPU.ActiveCfg = Release|Any CPU
		{27C8401D-ECC7-4D5E-8093-77867C2CDEB6}.Release|Any CPU.Build.0 = Release|Any CPU
		{27C8401D-ECC7-4D5E-8093-77867C2CDEB6}.Debug|Any CPU.ActiveCfg = Debug|Any CPU
		{27C8401D-ECC7-4D5E-8093-77867C2CDEB6}.Debug|Any CPU.Build.0 = Debug|Any CPU
		{B1A4071C-8792-4DE6-BF46-63DCB2DD02E9}.Release|Any CPU.ActiveCfg = Release|Any CPU
		{B1A4071C-8792-4DE6-BF46-63DCB2DD02E9}.Release|Any CPU.Build.0 = Release|Any CPU
		{B1A4071C-8792-4DE6-BF46-63DCB2DD02E9}.Debug|Any CPU.ActiveCfg = Debug|Any CPU
		{B1A4071C-8792-4DE6-BF46-63DCB2DD02E9}.Debug|Any CPU.Build.0 = Debug|Any CPU
		{2C93A4F6-547B-454E-9F01-BCB87ABAE5A6}.Release|Any CPU.ActiveCfg = Release|Any CPU
		{2C93A4F6-547B-454E-9F01-BCB87ABAE5A6}.Release|Any CPU.Build.0 = Release|Any CPU
		{2C93A4F6-547B-454E-9F01-BCB87ABAE5A6}.Debug|Any CPU.ActiveCfg = Debug|Any CPU
		{2C93A4F6-547B-454E-9F01-BCB87ABAE5A6}.Debug|Any CPU.Build.0 = Debug|Any CPU
		{9A923B22-59C2-44C3-BA87-0B4E1EF71AA0}.Release|Any CPU.ActiveCfg = Release|Any CPU
		{9A923B22-59C2-44C3-BA87-0B4E1EF71AA0}.Release|Any CPU.Build.0 = Release|Any CPU
		{9A923B22-59C2-44C3-BA87-0B4E1EF71AA0}.Debug|Any CPU.ActiveCfg = Debug|Any CPU
		{9A923B22-59C2-44C3-BA87-0B4E1EF71AA0}.Debug|Any CPU.Build.0 = Debug|Any CPU
		{40FD75A2-BD6F-4720-B3A2-B9AE97AD7F20}.Release|Any CPU.ActiveCfg = Release|Any CPU
		{40FD75A2-BD6F-4720-B3A2-B9AE97AD7F20}.Release|Any CPU.Build.0 = Release|Any CPU
		{40FD75A2-BD6F-4720-B3A2-B9AE97AD7F20}.Debug|Any CPU.ActiveCfg = Debug|Any CPU
		{40FD75A2-BD6F-4720-B3A2-B9AE97AD7F20}.Debug|Any CPU.Build.0 = Debug|Any CPU
		{55AE877B-A07B-4CC2-AD24-596D2519AC29}.Release|Any CPU.ActiveCfg = Release|Any CPU
		{55AE877B-A07B-4CC2-AD24-596D2519AC29}.Release|Any CPU.Build.0 = Release|Any CPU
		{55AE877B-A07B-4CC2-AD24-596D2519AC29}.Debug|Any CPU.ActiveCfg = Debug|Any CPU
		{55AE877B-A07B-4CC2-AD24-596D2519AC29}.Debug|Any CPU.Build.0 = Debug|Any CPU
		{8DB533E1-38B2-4E2B-B197-04FAC235A52E}.Release|Any CPU.ActiveCfg = Release|Any CPU
		{8DB533E1-38B2-4E2B-B197-04FAC235A52E}.Release|Any CPU.Build.0 = Release|Any CPU
		{8DB533E1-38B2-4E2B-B197-04FAC235A52E}.Debug|Any CPU.ActiveCfg = Debug|Any CPU
		{8DB533E1-38B2-4E2B-B197-04FAC235A52E}.Debug|Any CPU.Build.0 = Debug|Any CPU
		{E9DB1A3F-0359-462A-B159-8031AFE0D721}.Release|Any CPU.ActiveCfg = Release|Any CPU
		{E9DB1A3F-0359-462A-B159-8031AFE0D721}.Release|Any CPU.Build.0 = Release|Any CPU
		{E9DB1A3F-0359-462A-B159-8031AFE0D721}.Debug|Any CPU.ActiveCfg = Debug|Any CPU
		{E9DB1A3F-0359-462A-B159-8031AFE0D721}.Debug|Any CPU.Build.0 = Debug|Any CPU
		{59D7D0A9-6B99-4748-A326-D06547D7485A}.Release|Any CPU.ActiveCfg = Release|Any CPU
		{59D7D0A9-6B99-4748-A326-D06547D7485A}.Release|Any CPU.Build.0 = Release|Any CPU
		{59D7D0A9-6B99-4748-A326-D06547D7485A}.Debug|Any CPU.ActiveCfg = Debug|Any CPU
		{59D7D0A9-6B99-4748-A326-D06547D7485A}.Debug|Any CPU.Build.0 = Debug|Any CPU
		{8411E1ED-806C-4C5E-9C49-4C8654B6632B}.Release|Any CPU.ActiveCfg = Release|Any CPU
		{8411E1ED-806C-4C5E-9C49-4C8654B6632B}.Release|Any CPU.Build.0 = Release|Any CPU
		{8411E1ED-806C-4C5E-9C49-4C8654B6632B}.Debug|Any CPU.ActiveCfg = Debug|Any CPU
		{8411E1ED-806C-4C5E-9C49-4C8654B6632B}.Debug|Any CPU.Build.0 = Debug|Any CPU
		{65AF172C-E21E-4EBE-BA46-A12F4C365DCB}.Release|Any CPU.ActiveCfg = Release|Any CPU
		{65AF172C-E21E-4EBE-BA46-A12F4C365DCB}.Release|Any CPU.Build.0 = Release|Any CPU
		{65AF172C-E21E-4EBE-BA46-A12F4C365DCB}.Debug|Any CPU.ActiveCfg = Debug|Any CPU
		{65AF172C-E21E-4EBE-BA46-A12F4C365DCB}.Debug|Any CPU.Build.0 = Debug|Any CPU
		{43941F05-E257-48A1-9060-8C669E9E0509}.Release|Any CPU.ActiveCfg = Release|Any CPU
		{43941F05-E257-48A1-9060-8C669E9E0509}.Release|Any CPU.Build.0 = Release|Any CPU
		{43941F05-E257-48A1-9060-8C669E9E0509}.Debug|Any CPU.ActiveCfg = Debug|Any CPU
		{43941F05-E257-48A1-9060-8C669E9E0509}.Debug|Any CPU.Build.0 = Debug|Any CPU
		{864264DB-F2AA-446C-A569-1900EE06CBF3}.Release|Any CPU.ActiveCfg = Release|Any CPU
		{864264DB-F2AA-446C-A569-1900EE06CBF3}.Release|Any CPU.Build.0 = Release|Any CPU
		{864264DB-F2AA-446C-A569-1900EE06CBF3}.Debug|Any CPU.ActiveCfg = Debug|Any CPU
		{864264DB-F2AA-446C-A569-1900EE06CBF3}.Debug|Any CPU.Build.0 = Debug|Any CPU
		{5A026099-ADCB-4251-A1D6-92F7B9F6EC89}.Release|Any CPU.ActiveCfg = Release|Any CPU
		{5A026099-ADCB-4251-A1D6-92F7B9F6EC89}.Release|Any CPU.Build.0 = Release|Any CPU
		{5A026099-ADCB-4251-A1D6-92F7B9F6EC89}.Debug|Any CPU.ActiveCfg = Debug|Any CPU
		{5A026099-ADCB-4251-A1D6-92F7B9F6EC89}.Debug|Any CPU.Build.0 = Debug|Any CPU
		{B33F1E3D-28B4-4753-AEF8-CD3DED1E854F}.Release|Any CPU.ActiveCfg = Release|Any CPU
		{B33F1E3D-28B4-4753-AEF8-CD3DED1E854F}.Release|Any CPU.Build.0 = Release|Any CPU
		{B33F1E3D-28B4-4753-AEF8-CD3DED1E854F}.Debug|Any CPU.ActiveCfg = Debug|Any CPU
		{B33F1E3D-28B4-4753-AEF8-CD3DED1E854F}.Debug|Any CPU.Build.0 = Debug|Any CPU
		{9CC3CD6D-A57F-48A2-95E6-3C5602EEDBF1}.Release|Any CPU.ActiveCfg = Release|Any CPU
		{9CC3CD6D-A57F-48A2-95E6-3C5602EEDBF1}.Release|Any CPU.Build.0 = Release|Any CPU
		{9CC3CD6D-A57F-48A2-95E6-3C5602EEDBF1}.Debug|Any CPU.ActiveCfg = Debug|Any CPU
		{9CC3CD6D-A57F-48A2-95E6-3C5602EEDBF1}.Debug|Any CPU.Build.0 = Debug|Any CPU
		{210B9633-AE95-418B-9A80-A9C370715768}.Release|Any CPU.ActiveCfg = Release|Any CPU
		{210B9633-AE95-418B-9A80-A9C370715768}.Release|Any CPU.Build.0 = Release|Any CPU
		{210B9633-AE95-418B-9A80-A9C370715768}.Debug|Any CPU.ActiveCfg = Debug|Any CPU
		{210B9633-AE95-418B-9A80-A9C370715768}.Debug|Any CPU.Build.0 = Debug|Any CPU
		{98FB32AA-6C0B-4978-87FA-7DB82066BE6E}.Release|Any CPU.ActiveCfg = Release|Any CPU
		{98FB32AA-6C0B-4978-87FA-7DB82066BE6E}.Release|Any CPU.Build.0 = Release|Any CPU
		{98FB32AA-6C0B-4978-87FA-7DB82066BE6E}.Debug|Any CPU.ActiveCfg = Debug|Any CPU
		{98FB32AA-6C0B-4978-87FA-7DB82066BE6E}.Debug|Any CPU.Build.0 = Debug|Any CPU
		{DE571A9C-8821-447B-8432-26A69B31FC35}.Release|Any CPU.ActiveCfg = Release|Any CPU
		{DE571A9C-8821-447B-8432-26A69B31FC35}.Release|Any CPU.Build.0 = Release|Any CPU
		{DE571A9C-8821-447B-8432-26A69B31FC35}.Debug|Any CPU.ActiveCfg = Debug|Any CPU
		{DE571A9C-8821-447B-8432-26A69B31FC35}.Debug|Any CPU.Build.0 = Debug|Any CPU
		{A8034EA5-07D4-4FBB-89D6-EE76633CDDD2}.Release|Any CPU.ActiveCfg = Release|Any CPU
		{A8034EA5-07D4-4FBB-89D6-EE76633CDDD2}.Release|Any CPU.Build.0 = Release|Any CPU
		{A8034EA5-07D4-4FBB-89D6-EE76633CDDD2}.Debug|Any CPU.ActiveCfg = Debug|Any CPU
		{A8034EA5-07D4-4FBB-89D6-EE76633CDDD2}.Debug|Any CPU.Build.0 = Debug|Any CPU
		{641BD959-75A4-42A0-88E1-109A68AE5005}.Release|Any CPU.ActiveCfg = Release|Any CPU
		{641BD959-75A4-42A0-88E1-109A68AE5005}.Release|Any CPU.Build.0 = Release|Any CPU
		{641BD959-75A4-42A0-88E1-109A68AE5005}.Debug|Any CPU.ActiveCfg = Debug|Any CPU
		{641BD959-75A4-42A0-88E1-109A68AE5005}.Debug|Any CPU.Build.0 = Debug|Any CPU
		{28A9CBAB-D308-4193-9B07-6A9E69829D77}.Release|Any CPU.ActiveCfg = Release|Any CPU
		{28A9CBAB-D308-4193-9B07-6A9E69829D77}.Release|Any CPU.Build.0 = Release|Any CPU
		{28A9CBAB-D308-4193-9B07-6A9E69829D77}.Debug|Any CPU.ActiveCfg = Debug|Any CPU
		{28A9CBAB-D308-4193-9B07-6A9E69829D77}.Debug|Any CPU.Build.0 = Debug|Any CPU
		{9302BC40-3B09-4681-AFA9-14494D6E35F3}.Release|Any CPU.ActiveCfg = Release|Any CPU
		{9302BC40-3B09-4681-AFA9-14494D6E35F3}.Release|Any CPU.Build.0 = Release|Any CPU
		{9302BC40-3B09-4681-AFA9-14494D6E35F3}.Debug|Any CPU.ActiveCfg = Debug|Any CPU
		{9302BC40-3B09-4681-AFA9-14494D6E35F3}.Debug|Any CPU.Build.0 = Debug|Any CPU
		{AE6DC230-5590-4D29-85B3-B47944DFA383}.Release|Any CPU.ActiveCfg = Release|Any CPU
		{AE6DC230-5590-4D29-85B3-B47944DFA383}.Release|Any CPU.Build.0 = Release|Any CPU
		{AE6DC230-5590-4D29-85B3-B47944DFA383}.Debug|Any CPU.ActiveCfg = Debug|Any CPU
		{AE6DC230-5590-4D29-85B3-B47944DFA383}.Debug|Any CPU.Build.0 = Debug|Any CPU
		{AB1C40CE-DE4A-421B-9F4D-5016B7D5F5D3}.Release|Any CPU.ActiveCfg = Release|Any CPU
		{AB1C40CE-DE4A-421B-9F4D-5016B7D5F5D3}.Release|Any CPU.Build.0 = Release|Any CPU
		{AB1C40CE-DE4A-421B-9F4D-5016B7D5F5D3}.Debug|Any CPU.ActiveCfg = Debug|Any CPU
		{AB1C40CE-DE4A-421B-9F4D-5016B7D5F5D3}.Debug|Any CPU.Build.0 = Debug|Any CPU
		{6DF4E78C-8565-40FC-BE64-7F1A231969CF}.Release|Any CPU.ActiveCfg = Release|Any CPU
		{6DF4E78C-8565-40FC-BE64-7F1A231969CF}.Release|Any CPU.Build.0 = Release|Any CPU
		{6DF4E78C-8565-40FC-BE64-7F1A231969CF}.Debug|Any CPU.ActiveCfg = Debug|Any CPU
		{6DF4E78C-8565-40FC-BE64-7F1A231969CF}.Debug|Any CPU.Build.0 = Debug|Any CPU
		{87613A0F-B7E8-4C57-9C96-FC8224A11223}.Release|Any CPU.ActiveCfg = Release|Any CPU
		{87613A0F-B7E8-4C57-9C96-FC8224A11223}.Release|Any CPU.Build.0 = Release|Any CPU
		{87613A0F-B7E8-4C57-9C96-FC8224A11223}.Debug|Any CPU.ActiveCfg = Debug|Any CPU
		{87613A0F-B7E8-4C57-9C96-FC8224A11223}.Debug|Any CPU.Build.0 = Debug|Any CPU
	EndGlobalSection
EndGlobal
