Microsoft Visual Studio Solution File, Format Version 11.00
# Visual Studio 2010
Project("{FAE04EC0-301F-11D3-BF4B-00C04F79EFBC}") = "Dashboard", "../libopenmetaverse/Programs/examples/Dashboard/Dashboard.csproj", "{4F7717BF-7C8C-4376-B68D-97502C1B5384}"
EndProject
Project("{FAE04EC0-301F-11D3-BF4B-00C04F79EFBC}") = "GridAccountant", "../libopenmetaverse/Programs/examples/GridAccountant/GridAccountant.csproj", "{C57C09E6-D6C5-42F4-9F51-50508D6E0D1E}"
EndProject
Project("{FAE04EC0-301F-11D3-BF4B-00C04F79EFBC}") = "WinGridProxy", "../libopenmetaverse/Programs/WinGridProxy/WinGridProxy.csproj", "{49147CC5-570B-4A6F-8BB6-1CCB31DDF0F6}"
EndProject
Project("{FAE04EC0-301F-11D3-BF4B-00C04F79EFBC}") = "groupmanager", "../libopenmetaverse/Programs/examples/groupmanager/groupmanager.csproj", "{0B5E957E-0BBC-479A-AAFD-DF31CE9E31CE}"
EndProject
Project("{FAE04EC0-301F-11D3-BF4B-00C04F79EFBC}") = "Heightmap", "../libopenmetaverse/Programs/examples/Heightmap/Heightmap.csproj", "{0D3F0D57-90FB-48F8-A105-B39BDB98D897}"
EndProject
Project("{FAE04EC0-301F-11D3-BF4B-00C04F79EFBC}") = "CSJ2K", "../libopenmetaverse/CSJ2K/CSJ2K.csproj", "{AD49BEBB-ED29-4AD5-82D4-0CF9D8354DED}"
EndProject
Project("{FAE04EC0-301F-11D3-BF4B-00C04F79EFBC}") = "OpenMetaverse.Utilities", "../libopenmetaverse/OpenMetaverse.Utilities/OpenMetaverse.Utilities.csproj", "{3EF77687-777C-4572-A377-51F7DA266B54}"
EndProject
Project("{FAE04EC0-301F-11D3-BF4B-00C04F79EFBC}") = "AvatarPreview", "../libopenmetaverse/Programs/AvatarPreview/AvatarPreview.csproj", "{ACC4B288-3847-41F5-876C-F54D2FD58EC4}"
EndProject
Project("{FAE04EC0-301F-11D3-BF4B-00C04F79EFBC}") = "VisualParamGenerator", "../libopenmetaverse/Programs/VisualParamGenerator/VisualParamGenerator.csproj", "{1BB6C92B-FC82-4B8C-85DA-00CA7373B252}"
EndProject
Project("{FAE04EC0-301F-11D3-BF4B-00C04F79EFBC}") = "Baker", "../libopenmetaverse/Programs/Baker/Baker.csproj", "{1F4F5D30-A3BE-4481-9724-1F2AAF0CE55C}"
EndProject
Project("{FAE04EC0-301F-11D3-BF4B-00C04F79EFBC}") = "GridImageUpload", "../libopenmetaverse/Programs/GridImageUpload/GridImageUpload.csproj", "{9292A5CC-708E-462C-98B4-1DB5BCCBC536}"
EndProject
Project("{FAE04EC0-301F-11D3-BF4B-00C04F79EFBC}") = "TestClient", "../libopenmetaverse/Programs/examples/TestClient/TestClient.csproj", "{DCAD97AF-0DE8-4584-B64A-2C4515F239F5}"
EndProject
Project("{FAE04EC0-301F-11D3-BF4B-00C04F79EFBC}") = "OpenMetaverseTypes", "../libopenmetaverse/OpenMetaverseTypes/OpenMetaverseTypes.csproj", "{5FFB1806-141A-4967-972F-964C47B1383D}"
EndProject
Project("{FAE04EC0-301F-11D3-BF4B-00C04F79EFBC}") = "OpenMetaverse.GUI", "../libopenmetaverse/OpenMetaverse.GUI/OpenMetaverse.GUI.csproj", "{9CC454DF-5215-49C6-83C9-F1117F7EEE9D}"
EndProject
Project("{FAE04EC0-301F-11D3-BF4B-00C04F79EFBC}") = "IRCGateway", "../libopenmetaverse/Programs/examples/IRCGateway/IRCGateway.csproj", "{15C0F9BB-C204-4683-A190-5382D0D5A582}"
EndProject
Project("{FAE04EC0-301F-11D3-BF4B-00C04F79EFBC}") = "OpenMetaverse.Rendering.Meshmerizer", "../libopenmetaverse/OpenMetaverse.Rendering.Meshmerizer/OpenMetaverse.Rendering.Meshmerizer.csproj", "{6EC85551-84FD-444D-AFB2-548C71C42499}"
EndProject
Project("{FAE04EC0-301F-11D3-BF4B-00C04F79EFBC}") = "PacketDump", "../libopenmetaverse/Programs/examples/PacketDump/PacketDump.csproj", "{E0D597DB-1B7E-4EF2-AAB7-ECF596C05EE2}"
EndProject
Project("{FAE04EC0-301F-11D3-BF4B-00C04F79EFBC}") = "GridProxy", "../libopenmetaverse/Programs/GridProxy/GridProxy.csproj", "{0B3FD320-AC8B-4AA7-B92E-98AE08E36A9C}"
EndProject
Project("{FAE04EC0-301F-11D3-BF4B-00C04F79EFBC}") = "OpenMetaverse", "../libopenmetaverse/OpenMetaverse/OpenMetaverse.csproj", "{D87EA627-53DA-4BAA-81EB-213967503E52}"
EndProject
Project("{FAE04EC0-301F-11D3-BF4B-00C04F79EFBC}") = "OpenMetaverse.Tests", "../libopenmetaverse/OpenMetaverse.Tests/OpenMetaverse.Tests.csproj", "{DFFC1A84-6101-4DB6-9D1A-07370417EE75}"
EndProject
Project("{FAE04EC0-301F-11D3-BF4B-00C04F79EFBC}") = "PrimWorkshop", "../libopenmetaverse/Programs/PrimWorkshop/PrimWorkshop.csproj", "{BE791035-C2AF-4944-A47E-693DE32B9C5D}"
EndProject
Project("{FAE04EC0-301F-11D3-BF4B-00C04F79EFBC}") = "OpenMetaverse.StructuredData", "../libopenmetaverse/OpenMetaverse.StructuredData/OpenMetaverse.StructuredData.csproj", "{4E7191F3-0BDE-4686-8355-4A4977F0ACD4}"
EndProject
Project("{FAE04EC0-301F-11D3-BF4B-00C04F79EFBC}") = "mapgenerator", "../libopenmetaverse/Programs/mapgenerator/mapgenerator.csproj", "{FDA9ADB0-F6CA-497E-A0F4-2576E671B871}"
EndProject
Project("{FAE04EC0-301F-11D3-BF4B-00C04F79EFBC}") = "GridProxyApp", "../libopenmetaverse/Programs/GridProxy/GridProxyApp.csproj", "{9C5D2751-693E-46EA-97B6-4902BC3BA0F3}"
EndProject
Project("{FAE04EC0-301F-11D3-BF4B-00C04F79EFBC}") = "VoiceTest", "../libopenmetaverse/Programs/VoiceTest/VoiceTest.csproj", "{3B882F18-C01F-4FD0-95E0-06FBA8D769D8}"
EndProject
Project("{FAE04EC0-301F-11D3-BF4B-00C04F79EFBC}") = "OpenMetaverse.Rendering.Simple", "../libopenmetaverse/OpenMetaverse.Rendering.Simple/OpenMetaverse.Rendering.Simple.csproj", "{3B18A76A-3760-46E9-8D87-CAE4A26CDF2C}"
EndProject
Project("{FAE04EC0-301F-11D3-BF4B-00C04F79EFBC}") = "importprimscript", "../libopenmetaverse/Programs/importprimscript/importprimscript.csproj", "{7F20D05A-2E92-47F0-BC22-30A19D816B2E}"
EndProject
Global
	GlobalSection(SolutionConfigurationPlatforms) = preSolution
		Release|Any CPU = Release|Any CPU
		Debug|Any CPU = Debug|Any CPU
	EndGlobalSection
	GlobalSection(ProjectConfigurationPlatforms) = postSolution
		{4F7717BF-7C8C-4376-B68D-97502C1B5384}.Release|Any CPU.ActiveCfg = Release|Any CPU
		{4F7717BF-7C8C-4376-B68D-97502C1B5384}.Release|Any CPU.Build.0 = Release|Any CPU
		{4F7717BF-7C8C-4376-B68D-97502C1B5384}.Debug|Any CPU.ActiveCfg = Debug|Any CPU
		{4F7717BF-7C8C-4376-B68D-97502C1B5384}.Debug|Any CPU.Build.0 = Debug|Any CPU
		{C57C09E6-D6C5-42F4-9F51-50508D6E0D1E}.Release|Any CPU.ActiveCfg = Release|Any CPU
		{C57C09E6-D6C5-42F4-9F51-50508D6E0D1E}.Release|Any CPU.Build.0 = Release|Any CPU
		{C57C09E6-D6C5-42F4-9F51-50508D6E0D1E}.Debug|Any CPU.ActiveCfg = Debug|Any CPU
		{C57C09E6-D6C5-42F4-9F51-50508D6E0D1E}.Debug|Any CPU.Build.0 = Debug|Any CPU
		{49147CC5-570B-4A6F-8BB6-1CCB31DDF0F6}.Release|Any CPU.ActiveCfg = Release|Any CPU
		{49147CC5-570B-4A6F-8BB6-1CCB31DDF0F6}.Release|Any CPU.Build.0 = Release|Any CPU
		{49147CC5-570B-4A6F-8BB6-1CCB31DDF0F6}.Debug|Any CPU.ActiveCfg = Debug|Any CPU
		{49147CC5-570B-4A6F-8BB6-1CCB31DDF0F6}.Debug|Any CPU.Build.0 = Debug|Any CPU
		{0B5E957E-0BBC-479A-AAFD-DF31CE9E31CE}.Release|Any CPU.ActiveCfg = Release|Any CPU
		{0B5E957E-0BBC-479A-AAFD-DF31CE9E31CE}.Release|Any CPU.Build.0 = Release|Any CPU
		{0B5E957E-0BBC-479A-AAFD-DF31CE9E31CE}.Debug|Any CPU.ActiveCfg = Debug|Any CPU
		{0B5E957E-0BBC-479A-AAFD-DF31CE9E31CE}.Debug|Any CPU.Build.0 = Debug|Any CPU
		{0D3F0D57-90FB-48F8-A105-B39BDB98D897}.Release|Any CPU.ActiveCfg = Release|Any CPU
		{0D3F0D57-90FB-48F8-A105-B39BDB98D897}.Release|Any CPU.Build.0 = Release|Any CPU
		{0D3F0D57-90FB-48F8-A105-B39BDB98D897}.Debug|Any CPU.ActiveCfg = Debug|Any CPU
		{0D3F0D57-90FB-48F8-A105-B39BDB98D897}.Debug|Any CPU.Build.0 = Debug|Any CPU
		{AD49BEBB-ED29-4AD5-82D4-0CF9D8354DED}.Release|Any CPU.ActiveCfg = Release|Any CPU
		{AD49BEBB-ED29-4AD5-82D4-0CF9D8354DED}.Release|Any CPU.Build.0 = Release|Any CPU
		{AD49BEBB-ED29-4AD5-82D4-0CF9D8354DED}.Debug|Any CPU.ActiveCfg = Debug|Any CPU
		{AD49BEBB-ED29-4AD5-82D4-0CF9D8354DED}.Debug|Any CPU.Build.0 = Debug|Any CPU
		{3EF77687-777C-4572-A377-51F7DA266B54}.Release|Any CPU.ActiveCfg = Release|Any CPU
		{3EF77687-777C-4572-A377-51F7DA266B54}.Release|Any CPU.Build.0 = Release|Any CPU
		{3EF77687-777C-4572-A377-51F7DA266B54}.Debug|Any CPU.ActiveCfg = Debug|Any CPU
		{3EF77687-777C-4572-A377-51F7DA266B54}.Debug|Any CPU.Build.0 = Debug|Any CPU
		{ACC4B288-3847-41F5-876C-F54D2FD58EC4}.Release|Any CPU.ActiveCfg = Release|Any CPU
		{ACC4B288-3847-41F5-876C-F54D2FD58EC4}.Release|Any CPU.Build.0 = Release|Any CPU
		{ACC4B288-3847-41F5-876C-F54D2FD58EC4}.Debug|Any CPU.ActiveCfg = Debug|Any CPU
		{ACC4B288-3847-41F5-876C-F54D2FD58EC4}.Debug|Any CPU.Build.0 = Debug|Any CPU
		{1BB6C92B-FC82-4B8C-85DA-00CA7373B252}.Release|Any CPU.ActiveCfg = Release|Any CPU
		{1BB6C92B-FC82-4B8C-85DA-00CA7373B252}.Release|Any CPU.Build.0 = Release|Any CPU
		{1BB6C92B-FC82-4B8C-85DA-00CA7373B252}.Debug|Any CPU.ActiveCfg = Debug|Any CPU
		{1BB6C92B-FC82-4B8C-85DA-00CA7373B252}.Debug|Any CPU.Build.0 = Debug|Any CPU
		{1F4F5D30-A3BE-4481-9724-1F2AAF0CE55C}.Release|Any CPU.ActiveCfg = Release|Any CPU
		{1F4F5D30-A3BE-4481-9724-1F2AAF0CE55C}.Release|Any CPU.Build.0 = Release|Any CPU
		{1F4F5D30-A3BE-4481-9724-1F2AAF0CE55C}.Debug|Any CPU.ActiveCfg = Debug|Any CPU
		{1F4F5D30-A3BE-4481-9724-1F2AAF0CE55C}.Debug|Any CPU.Build.0 = Debug|Any CPU
		{9292A5CC-708E-462C-98B4-1DB5BCCBC536}.Release|Any CPU.ActiveCfg = Release|Any CPU
		{9292A5CC-708E-462C-98B4-1DB5BCCBC536}.Release|Any CPU.Build.0 = Release|Any CPU
		{9292A5CC-708E-462C-98B4-1DB5BCCBC536}.Debug|Any CPU.ActiveCfg = Debug|Any CPU
		{9292A5CC-708E-462C-98B4-1DB5BCCBC536}.Debug|Any CPU.Build.0 = Debug|Any CPU
		{DCAD97AF-0DE8-4584-B64A-2C4515F239F5}.Release|Any CPU.ActiveCfg = Release|Any CPU
		{DCAD97AF-0DE8-4584-B64A-2C4515F239F5}.Release|Any CPU.Build.0 = Release|Any CPU
		{DCAD97AF-0DE8-4584-B64A-2C4515F239F5}.Debug|Any CPU.ActiveCfg = Debug|Any CPU
		{DCAD97AF-0DE8-4584-B64A-2C4515F239F5}.Debug|Any CPU.Build.0 = Debug|Any CPU
		{5FFB1806-141A-4967-972F-964C47B1383D}.Release|Any CPU.ActiveCfg = Release|Any CPU
		{5FFB1806-141A-4967-972F-964C47B1383D}.Release|Any CPU.Build.0 = Release|Any CPU
		{5FFB1806-141A-4967-972F-964C47B1383D}.Debug|Any CPU.ActiveCfg = Debug|Any CPU
		{5FFB1806-141A-4967-972F-964C47B1383D}.Debug|Any CPU.Build.0 = Debug|Any CPU
		{9CC454DF-5215-49C6-83C9-F1117F7EEE9D}.Release|Any CPU.ActiveCfg = Release|Any CPU
		{9CC454DF-5215-49C6-83C9-F1117F7EEE9D}.Release|Any CPU.Build.0 = Release|Any CPU
		{9CC454DF-5215-49C6-83C9-F1117F7EEE9D}.Debug|Any CPU.ActiveCfg = Debug|Any CPU
		{9CC454DF-5215-49C6-83C9-F1117F7EEE9D}.Debug|Any CPU.Build.0 = Debug|Any CPU
		{15C0F9BB-C204-4683-A190-5382D0D5A582}.Release|Any CPU.ActiveCfg = Release|Any CPU
		{15C0F9BB-C204-4683-A190-5382D0D5A582}.Release|Any CPU.Build.0 = Release|Any CPU
		{15C0F9BB-C204-4683-A190-5382D0D5A582}.Debug|Any CPU.ActiveCfg = Debug|Any CPU
		{15C0F9BB-C204-4683-A190-5382D0D5A582}.Debug|Any CPU.Build.0 = Debug|Any CPU
		{6EC85551-84FD-444D-AFB2-548C71C42499}.Release|Any CPU.ActiveCfg = Release|Any CPU
		{6EC85551-84FD-444D-AFB2-548C71C42499}.Release|Any CPU.Build.0 = Release|Any CPU
		{6EC85551-84FD-444D-AFB2-548C71C42499}.Debug|Any CPU.ActiveCfg = Debug|Any CPU
		{6EC85551-84FD-444D-AFB2-548C71C42499}.Debug|Any CPU.Build.0 = Debug|Any CPU
		{E0D597DB-1B7E-4EF2-AAB7-ECF596C05EE2}.Release|Any CPU.ActiveCfg = Release|Any CPU
		{E0D597DB-1B7E-4EF2-AAB7-ECF596C05EE2}.Release|Any CPU.Build.0 = Release|Any CPU
		{E0D597DB-1B7E-4EF2-AAB7-ECF596C05EE2}.Debug|Any CPU.ActiveCfg = Debug|Any CPU
		{E0D597DB-1B7E-4EF2-AAB7-ECF596C05EE2}.Debug|Any CPU.Build.0 = Debug|Any CPU
		{0B3FD320-AC8B-4AA7-B92E-98AE08E36A9C}.Release|Any CPU.ActiveCfg = Release|Any CPU
		{0B3FD320-AC8B-4AA7-B92E-98AE08E36A9C}.Release|Any CPU.Build.0 = Release|Any CPU
		{0B3FD320-AC8B-4AA7-B92E-98AE08E36A9C}.Debug|Any CPU.ActiveCfg = Debug|Any CPU
		{0B3FD320-AC8B-4AA7-B92E-98AE08E36A9C}.Debug|Any CPU.Build.0 = Debug|Any CPU
		{D87EA627-53DA-4BAA-81EB-213967503E52}.Release|Any CPU.ActiveCfg = Release|Any CPU
		{D87EA627-53DA-4BAA-81EB-213967503E52}.Release|Any CPU.Build.0 = Release|Any CPU
		{D87EA627-53DA-4BAA-81EB-213967503E52}.Debug|Any CPU.ActiveCfg = Debug|Any CPU
		{D87EA627-53DA-4BAA-81EB-213967503E52}.Debug|Any CPU.Build.0 = Debug|Any CPU
		{DFFC1A84-6101-4DB6-9D1A-07370417EE75}.Release|Any CPU.ActiveCfg = Release|Any CPU
		{DFFC1A84-6101-4DB6-9D1A-07370417EE75}.Release|Any CPU.Build.0 = Release|Any CPU
		{DFFC1A84-6101-4DB6-9D1A-07370417EE75}.Debug|Any CPU.ActiveCfg = Debug|Any CPU
		{DFFC1A84-6101-4DB6-9D1A-07370417EE75}.Debug|Any CPU.Build.0 = Debug|Any CPU
		{BE791035-C2AF-4944-A47E-693DE32B9C5D}.Release|Any CPU.ActiveCfg = Release|Any CPU
		{BE791035-C2AF-4944-A47E-693DE32B9C5D}.Release|Any CPU.Build.0 = Release|Any CPU
		{BE791035-C2AF-4944-A47E-693DE32B9C5D}.Debug|Any CPU.ActiveCfg = Debug|Any CPU
		{BE791035-C2AF-4944-A47E-693DE32B9C5D}.Debug|Any CPU.Build.0 = Debug|Any CPU
		{4E7191F3-0BDE-4686-8355-4A4977F0ACD4}.Release|Any CPU.ActiveCfg = Release|Any CPU
		{4E7191F3-0BDE-4686-8355-4A4977F0ACD4}.Release|Any CPU.Build.0 = Release|Any CPU
		{4E7191F3-0BDE-4686-8355-4A4977F0ACD4}.Debug|Any CPU.ActiveCfg = Debug|Any CPU
		{4E7191F3-0BDE-4686-8355-4A4977F0ACD4}.Debug|Any CPU.Build.0 = Debug|Any CPU
		{FDA9ADB0-F6CA-497E-A0F4-2576E671B871}.Release|Any CPU.ActiveCfg = Release|Any CPU
		{FDA9ADB0-F6CA-497E-A0F4-2576E671B871}.Release|Any CPU.Build.0 = Release|Any CPU
		{FDA9ADB0-F6CA-497E-A0F4-2576E671B871}.Debug|Any CPU.ActiveCfg = Debug|Any CPU
		{FDA9ADB0-F6CA-497E-A0F4-2576E671B871}.Debug|Any CPU.Build.0 = Debug|Any CPU
		{9C5D2751-693E-46EA-97B6-4902BC3BA0F3}.Release|Any CPU.ActiveCfg = Release|Any CPU
		{9C5D2751-693E-46EA-97B6-4902BC3BA0F3}.Release|Any CPU.Build.0 = Release|Any CPU
		{9C5D2751-693E-46EA-97B6-4902BC3BA0F3}.Debug|Any CPU.ActiveCfg = Debug|Any CPU
		{9C5D2751-693E-46EA-97B6-4902BC3BA0F3}.Debug|Any CPU.Build.0 = Debug|Any CPU
		{3B882F18-C01F-4FD0-95E0-06FBA8D769D8}.Release|Any CPU.ActiveCfg = Release|Any CPU
		{3B882F18-C01F-4FD0-95E0-06FBA8D769D8}.Release|Any CPU.Build.0 = Release|Any CPU
		{3B882F18-C01F-4FD0-95E0-06FBA8D769D8}.Debug|Any CPU.ActiveCfg = Debug|Any CPU
		{3B882F18-C01F-4FD0-95E0-06FBA8D769D8}.Debug|Any CPU.Build.0 = Debug|Any CPU
		{3B18A76A-3760-46E9-8D87-CAE4A26CDF2C}.Release|Any CPU.ActiveCfg = Release|Any CPU
		{3B18A76A-3760-46E9-8D87-CAE4A26CDF2C}.Release|Any CPU.Build.0 = Release|Any CPU
		{3B18A76A-3760-46E9-8D87-CAE4A26CDF2C}.Debug|Any CPU.ActiveCfg = Debug|Any CPU
		{3B18A76A-3760-46E9-8D87-CAE4A26CDF2C}.Debug|Any CPU.Build.0 = Debug|Any CPU
		{7F20D05A-2E92-47F0-BC22-30A19D816B2E}.Release|Any CPU.ActiveCfg = Release|Any CPU
		{7F20D05A-2E92-47F0-BC22-30A19D816B2E}.Release|Any CPU.Build.0 = Release|Any CPU
		{7F20D05A-2E92-47F0-BC22-30A19D816B2E}.Debug|Any CPU.ActiveCfg = Debug|Any CPU
		{7F20D05A-2E92-47F0-BC22-30A19D816B2E}.Debug|Any CPU.Build.0 = Debug|Any CPU
	EndGlobalSection
EndGlobal
